
Microsoft Visual Studio Solution File, Format Version 12.00
# Visual Studio Version 17
VisualStudioVersion = 17.11.35312.102
MinimumVisualStudioVersion = 10.0.40219.1
Project("{FAE04EC0-301F-11D3-BF4B-00C04F79EFBC}") = "WebApplication1", "WebApplication1\WebApplication1.csproj", "{DB26B67A-F854-4F5D-8B5E-5C0C9A19C983}"
EndProject
Global
	GlobalSection(SolutionConfigurationPlatforms) = preSolution
		Debug|Any CPU = Debug|Any CPU
		Release|Any CPU = Release|Any CPU
	EndGlobalSection
	GlobalSection(ProjectConfigurationPlatforms) = postSolution
		{DB26B67A-F854-4F5D-8B5E-5C0C9A19C983}.Debug|Any CPU.ActiveCfg = Debug|Any CPU
		{DB26B67A-F854-4F5D-8B5E-5C0C9A19C983}.Debug|Any CPU.Build.0 = Debug|Any CPU
		{DB26B67A-F854-4F5D-8B5E-5C0C9A19C983}.Release|Any CPU.ActiveCfg = Release|Any CPU
		{DB26B67A-F854-4F5D-8B5E-5C0C9A19C983}.Release|Any CPU.Build.0 = Release|Any CPU
	EndGlobalSection
	GlobalSection(SolutionProperties) = preSolution
		HideSolutionNode = FALSE
	EndGlobalSection
	GlobalSection(ExtensibilityGlobals) = postSolution
		SolutionGuid = {9204DD31-F684-4B4A-82E1-5B239F21AD5C}
	EndGlobalSection
EndGlobal
